{
    "version": 3,
    "terraform_version": "0.11.14",
    "serial": 14,
    "lineage": "0aef2dc9-6ed9-3127-68f1-cea8efc4f64e",
    "modules": [
        {
            "path": [
                "root"
            ],
            "outputs": {
                "azs": {
                    "sensitive": false,
                    "type": "list",
                    "value": [
                        "sa-east-1a",
                        "sa-east-1b",
                        "sa-east-1c"
                    ]
                },
                "cidr_block": {
                    "sensitive": false,
                    "type": "string",
                    "value": "100.68.1.0/24"
                },
                "default_security_group_id": {
                    "sensitive": false,
                    "type": "string",
                    "value": "sg-040e92a473c48418b"
                },
                "private_route_table_id": {
                    "sensitive": false,
                    "type": "string",
                    "value": "rtb-00eb2ecf36409bb8e"
                },
                "private_subnet_ids": {
                    "sensitive": false,
                    "type": "list",
                    "value": [
                        "subnet-05b5573df57c3c0eb"
                    ]
                },
                "vpc_id": {
                    "sensitive": false,
                    "type": "string",
                    "value": "vpc-0496f9a49e4afc5f6"
                }
            },
            "resources": {},
            "depends_on": []
        },
        {
            "path": [
                "root",
                "vpc"
            ],
            "outputs": {
                "azs": {
                    "sensitive": false,
                    "type": "list",
                    "value": [
                        "sa-east-1a",
                        "sa-east-1b",
                        "sa-east-1c"
                    ]
                },
                "cidr_block": {
                    "sensitive": false,
                    "type": "string",
                    "value": "100.68.1.0/24"
                },
                "default_security_group_id": {
                    "sensitive": false,
                    "type": "string",
                    "value": "sg-040e92a473c48418b"
                },
                "private_route_table_id": {
                    "sensitive": false,
                    "type": "string",
                    "value": "rtb-00eb2ecf36409bb8e"
                },
                "private_subnet_ids": {
                    "sensitive": false,
                    "type": "list",
                    "value": [
                        "subnet-05b5573df57c3c0eb"
                    ]
                },
                "vpc_id": {
                    "sensitive": false,
                    "type": "string",
                    "value": "vpc-0496f9a49e4afc5f6"
                }
            },
            "resources": {
                "aws_internet_gateway.main": {
                    "type": "aws_internet_gateway",
                    "depends_on": [
                        "aws_vpc.main"
                    ],
                    "primary": {
                        "id": "igw-08a2b366ae752913d",
                        "attributes": {
                            "id": "igw-08a2b366ae752913d",
                            "owner_id": "631381728482",
                            "tags.%": "3",
                            "tags.Environment": "dev",
                            "tags.Name": "vpc-dev - Internet Gateway",
                            "tags.Terraform": "true",
                            "vpc_id": "vpc-0496f9a49e4afc5f6"
                        },
                        "meta": {},
                        "tainted": false
                    },
                    "deposed": [],
                    "provider": "provider.aws"
                },
                "aws_route.private_internet_gateway": {
                    "type": "aws_route",
                    "depends_on": [
                        "aws_internet_gateway.main",
                        "aws_route_table.private"
                    ],
                    "primary": {
                        "id": "r-rtb-00eb2ecf36409bb8e1080289494",
                        "attributes": {
                            "destination_cidr_block": "0.0.0.0/0",
                            "destination_prefix_list_id": "",
                            "egress_only_gateway_id": "",
                            "gateway_id": "igw-08a2b366ae752913d",
                            "id": "r-rtb-00eb2ecf36409bb8e1080289494",
                            "instance_id": "",
                            "instance_owner_id": "",
                            "nat_gateway_id": "",
                            "network_interface_id": "",
                            "origin": "CreateRoute",
                            "route_table_id": "rtb-00eb2ecf36409bb8e",
                            "state": "active",
                            "transit_gateway_id": "",
                            "vpc_peering_connection_id": ""
                        },
                        "meta": {
                            "e2bfb730-ecaa-11e6-8f88-34363bc7c4c0": {
                                "create": 120000000000,
                                "delete": 300000000000
                            }
                        },
                        "tainted": false
                    },
                    "deposed": [],
                    "provider": "provider.aws"
                },
                "aws_route_table.private": {
                    "type": "aws_route_table",
                    "depends_on": [
                        "aws_vpc.main"
                    ],
                    "primary": {
                        "id": "rtb-00eb2ecf36409bb8e",
                        "attributes": {
                            "id": "rtb-00eb2ecf36409bb8e",
                            "owner_id": "631381728482",
                            "propagating_vgws.#": "0",
                            "route.#": "0",
                            "tags.%": "3",
                            "tags.Environment": "dev",
                            "tags.Name": "vpc-dev - Private Route Table",
                            "tags.Terraform": "true",
                            "vpc_id": "vpc-0496f9a49e4afc5f6"
                        },
                        "meta": {},
                        "tainted": false
                    },
                    "deposed": [],
                    "provider": "provider.aws"
                },
                "aws_route_table_association.private": {
                    "type": "aws_route_table_association",
                    "depends_on": [
                        "aws_route_table.private",
                        "aws_subnet.private.*"
                    ],
                    "primary": {
                        "id": "rtbassoc-0bc2c1c8f5f670029",
                        "attributes": {
                            "id": "rtbassoc-0bc2c1c8f5f670029",
                            "route_table_id": "rtb-00eb2ecf36409bb8e",
                            "subnet_id": "subnet-05b5573df57c3c0eb"
                        },
                        "meta": {},
                        "tainted": false
                    },
                    "deposed": [],
                    "provider": "provider.aws"
                },
                "aws_security_group.default": {
                    "type": "aws_security_group",
                    "depends_on": [
                        "aws_vpc.main"
                    ],
                    "primary": {
                        "id": "sg-040e92a473c48418b",
                        "attributes": {
                            "arn": "arn:aws:ec2:sa-east-1:631381728482:security-group/sg-040e92a473c48418b",
                            "description": "vpc-dev - Default Security Group",
                            "egress.#": "0",
                            "id": "sg-040e92a473c48418b",
                            "ingress.#": "0",
                            "name": "vpc-dev-default-sg",
                            "owner_id": "631381728482",
                            "revoke_rules_on_delete": "false",
                            "tags.%": "3",
                            "tags.Environment": "dev",
                            "tags.Name": "vpc-dev - Default Security Group",
                            "tags.Terraform": "true",
                            "vpc_id": "vpc-0496f9a49e4afc5f6"
                        },
                        "meta": {
                            "e2bfb730-ecaa-11e6-8f88-34363bc7c4c0": {
                                "create": 600000000000,
                                "delete": 600000000000
                            },
                            "schema_version": "1"
                        },
                        "tainted": false
                    },
                    "deposed": [],
                    "provider": "provider.aws"
                },
                "aws_security_group_rule.egress_allow_all": {
                    "type": "aws_security_group_rule",
                    "depends_on": [
                        "aws_security_group.default"
                    ],
                    "primary": {
                        "id": "sgrule-2643165329",
                        "attributes": {
                            "cidr_blocks.#": "1",
                            "cidr_blocks.0": "0.0.0.0/0",
                            "description": "Allow all egress",
                            "from_port": "0",
                            "id": "sgrule-2643165329",
                            "protocol": "-1",
                            "security_group_id": "sg-040e92a473c48418b",
                            "self": "false",
                            "to_port": "0",
                            "type": "egress"
                        },
                        "meta": {
                            "schema_version": "2"
                        },
                        "tainted": false
                    },
                    "deposed": [],
                    "provider": "provider.aws"
                },
                "aws_security_group_rule.egress_allow_vpc": {
                    "type": "aws_security_group_rule",
                    "depends_on": [
                        "aws_security_group.default"
                    ],
                    "primary": {
                        "id": "sgrule-2415319890",
                        "attributes": {
                            "description": "VPC self security group",
                            "from_port": "0",
                            "id": "sgrule-2415319890",
                            "protocol": "-1",
                            "security_group_id": "sg-040e92a473c48418b",
                            "self": "true",
                            "to_port": "0",
                            "type": "egress"
                        },
                        "meta": {
                            "schema_version": "2"
                        },
                        "tainted": false
                    },
                    "deposed": [],
                    "provider": "provider.aws"
                },
                "aws_security_group_rule.ingress_allow_all": {
                    "type": "aws_security_group_rule",
                    "depends_on": [
                        "aws_security_group.default"
                    ],
                    "primary": {
                        "id": "sgrule-93784838",
                        "attributes": {
                            "cidr_blocks.#": "1",
                            "cidr_blocks.0": "0.0.0.0/0",
                            "description": "Allow all ingress",
                            "from_port": "0",
                            "id": "sgrule-93784838",
                            "protocol": "-1",
                            "security_group_id": "sg-040e92a473c48418b",
                            "self": "false",
                            "to_port": "0",
                            "type": "ingress"
                        },
                        "meta": {
                            "schema_version": "2"
                        },
                        "tainted": false
                    },
                    "deposed": [],
                    "provider": "provider.aws"
                },
                "aws_security_group_rule.ingress_allow_vpc": {
                    "type": "aws_security_group_rule",
                    "depends_on": [
                        "aws_security_group.default"
                    ],
                    "primary": {
                        "id": "sgrule-2410578778",
                        "attributes": {
                            "description": "VPC self security group",
                            "from_port": "0",
                            "id": "sgrule-2410578778",
                            "protocol": "-1",
                            "security_group_id": "sg-040e92a473c48418b",
                            "self": "true",
                            "to_port": "0",
                            "type": "ingress"
                        },
                        "meta": {
                            "schema_version": "2"
                        },
                        "tainted": false
                    },
                    "deposed": [],
                    "provider": "provider.aws"
                },
                "aws_subnet.private": {
                    "type": "aws_subnet",
                    "depends_on": [
                        "aws_vpc.main",
                        "local.azs"
                    ],
                    "primary": {
                        "id": "subnet-05b5573df57c3c0eb",
                        "attributes": {
                            "arn": "arn:aws:ec2:sa-east-1:631381728482:subnet/subnet-05b5573df57c3c0eb",
                            "assign_ipv6_address_on_creation": "false",
                            "availability_zone": "sa-east-1a",
                            "availability_zone_id": "sae1-az1",
                            "cidr_block": "100.68.1.0/26",
                            "id": "subnet-05b5573df57c3c0eb",
                            "ipv6_cidr_block": "",
                            "ipv6_cidr_block_association_id": "",
                            "map_public_ip_on_launch": "false",
                            "owner_id": "631381728482",
                            "tags.%": "4",
                            "tags.Environment": "dev",
                            "tags.Name": "vpc-dev - private-subnet-1 - sa-east-1a",
                            "tags.SubnetIndex": "1",
                            "tags.Terraform": "true",
                            "vpc_id": "vpc-0496f9a49e4afc5f6"
                        },
                        "meta": {
                            "e2bfb730-ecaa-11e6-8f88-34363bc7c4c0": {
                                "create": 600000000000,
                                "delete": 1200000000000
                            },
                            "schema_version": "1"
                        },
                        "tainted": false
                    },
                    "deposed": [],
                    "provider": "provider.aws"
                },
                "aws_vpc.main": {
                    "type": "aws_vpc",
                    "depends_on": [],
                    "primary": {
                        "id": "vpc-0496f9a49e4afc5f6",
                        "attributes": {
                            "arn": "arn:aws:ec2:sa-east-1:631381728482:vpc/vpc-0496f9a49e4afc5f6",
                            "assign_generated_ipv6_cidr_block": "false",
                            "cidr_block": "100.68.1.0/24",
                            "default_network_acl_id": "acl-07d2186e8859b049c",
                            "default_route_table_id": "rtb-0a88ce6add9e31322",
                            "default_security_group_id": "sg-0667bf0558869c4d8",
                            "dhcp_options_id": "dopt-09a0708ae604236f4",
                            "enable_classiclink": "false",
                            "enable_classiclink_dns_support": "false",
                            "enable_dns_hostnames": "true",
                            "enable_dns_support": "true",
                            "id": "vpc-0496f9a49e4afc5f6",
                            "instance_tenancy": "default",
                            "ipv6_association_id": "",
                            "ipv6_cidr_block": "",
                            "main_route_table_id": "rtb-0a88ce6add9e31322",
                            "owner_id": "631381728482",
                            "tags.%": "3",
                            "tags.Environment": "dev",
                            "tags.Name": "vpc-dev",
                            "tags.Terraform": "true"
                        },
                        "meta": {
                            "schema_version": "1"
                        },
                        "tainted": false
                    },
                    "deposed": [],
                    "provider": "provider.aws"
                },
                "data.aws_availability_zones.available": {
                    "type": "aws_availability_zones",
                    "depends_on": [],
                    "primary": {
                        "id": "2019-11-26 02:12:04.490126414 +0000 UTC",
                        "attributes": {
                            "id": "2019-11-26 02:12:04.490126414 +0000 UTC",
                            "names.#": "3",
                            "names.0": "sa-east-1a",
                            "names.1": "sa-east-1b",
                            "names.2": "sa-east-1c",
                            "state": "available",
                            "zone_ids.#": "3",
                            "zone_ids.0": "sae1-az1",
                            "zone_ids.1": "sae1-az2",
                            "zone_ids.2": "sae1-az3"
                        },
                        "meta": {},
                        "tainted": false
                    },
                    "deposed": [],
                    "provider": "provider.aws"
                }
            },
            "depends_on": []
        }
    ]
}
