{
    "version": 3,
    "terraform_version": "0.11.14",
    "serial": 12,
    "lineage": "ac375bcf-8309-ed39-e074-5a586af25e71",
    "modules": [
        {
            "path": [
                "root"
            ],
            "outputs": {
                "ami_app": {
                    "sensitive": false,
                    "type": "string",
                    "value": "ami-0b4b29cd52371486d"
                },
                "ami_grafana": {
                    "sensitive": false,
                    "type": "string",
                    "value": "ami-0b4b29cd52371486d"
                },
                "ami_kafka": {
                    "sensitive": false,
                    "type": "string",
                    "value": "ami-0b4b29cd52371486d"
                },
                "ami_prometheus": {
                    "sensitive": false,
                    "type": "string",
                    "value": "ami-0b4b29cd52371486d"
                },
                "ami_zookeeper": {
                    "sensitive": false,
                    "type": "string",
                    "value": "ami-0b4b29cd52371486d"
                },
                "availability_zone_app": {
                    "sensitive": false,
                    "type": "string",
                    "value": "sa-east-1a"
                },
                "availability_zone_grafana": {
                    "sensitive": false,
                    "type": "string",
                    "value": "sa-east-1a"
                },
                "availability_zone_kafka": {
                    "sensitive": false,
                    "type": "string",
                    "value": "sa-east-1a"
                },
                "availability_zone_prometheus": {
                    "sensitive": false,
                    "type": "string",
                    "value": "sa-east-1a"
                },
                "availability_zone_zookeeper": {
                    "sensitive": false,
                    "type": "string",
                    "value": "sa-east-1a"
                },
                "credit_specification_app": {
                    "sensitive": false,
                    "type": "list",
                    "value": [
                        {
                            "cpu_credits": "standard"
                        }
                    ]
                },
                "credit_specification_grafana": {
                    "sensitive": false,
                    "type": "list",
                    "value": [
                        {
                            "cpu_credits": "standard"
                        }
                    ]
                },
                "credit_specification_kafka": {
                    "sensitive": false,
                    "type": "list",
                    "value": [
                        {
                            "cpu_credits": "standard"
                        }
                    ]
                },
                "credit_specification_prometheus": {
                    "sensitive": false,
                    "type": "list",
                    "value": [
                        {
                            "cpu_credits": "standard"
                        }
                    ]
                },
                "credit_specification_zookeeper": {
                    "sensitive": false,
                    "type": "list",
                    "value": [
                        {
                            "cpu_credits": "standard"
                        }
                    ]
                },
                "id_app": {
                    "sensitive": false,
                    "type": "string",
                    "value": "i-0b24971f6c6937bc2"
                },
                "id_grafana": {
                    "sensitive": false,
                    "type": "string",
                    "value": "i-04f9f4636b3a12dd2"
                },
                "id_kafka": {
                    "sensitive": false,
                    "type": "string",
                    "value": "i-0d8147bff43d62a93"
                },
                "id_prometheus": {
                    "sensitive": false,
                    "type": "string",
                    "value": "i-02ca0eb00e39996a6"
                },
                "id_zookeeper": {
                    "sensitive": false,
                    "type": "string",
                    "value": "i-0ae1a709664d65ce9"
                },
                "key_name_app": {
                    "sensitive": false,
                    "type": "string",
                    "value": "my-key"
                },
                "key_name_grafana": {
                    "sensitive": false,
                    "type": "string",
                    "value": "my-key"
                },
                "key_name_kafka": {
                    "sensitive": false,
                    "type": "string",
                    "value": "my-key"
                },
                "key_name_prometheus": {
                    "sensitive": false,
                    "type": "string",
                    "value": "my-key"
                },
                "key_name_zookeeper": {
                    "sensitive": false,
                    "type": "string",
                    "value": "my-key"
                },
                "primary_network_interface_id_app": {
                    "sensitive": false,
                    "type": "string",
                    "value": "eni-0d314ec0ca1ba2cc9"
                },
                "primary_network_interface_id_grafana": {
                    "sensitive": false,
                    "type": "string",
                    "value": "eni-0b96623a6b8b39574"
                },
                "primary_network_interface_id_kafka": {
                    "sensitive": false,
                    "type": "string",
                    "value": "eni-0ec999c6a1b1e8f3a"
                },
                "primary_network_interface_id_prometheus": {
                    "sensitive": false,
                    "type": "string",
                    "value": "eni-098fcafe7748a0d91"
                },
                "primary_network_interface_id_zookeeper": {
                    "sensitive": false,
                    "type": "string",
                    "value": "eni-0ffa78e4680586eaf"
                },
                "private_dns_app": {
                    "sensitive": false,
                    "type": "string",
                    "value": "ip-100-68-1-50.sa-east-1.compute.internal"
                },
                "private_dns_grafana": {
                    "sensitive": false,
                    "type": "string",
                    "value": "ip-100-68-1-43.sa-east-1.compute.internal"
                },
                "private_dns_kafka": {
                    "sensitive": false,
                    "type": "string",
                    "value": "ip-100-68-1-13.sa-east-1.compute.internal"
                },
                "private_dns_prometheus": {
                    "sensitive": false,
                    "type": "string",
                    "value": "ip-100-68-1-31.sa-east-1.compute.internal"
                },
                "private_dns_zookeeper": {
                    "sensitive": false,
                    "type": "string",
                    "value": "ip-100-68-1-58.sa-east-1.compute.internal"
                },
                "private_ip_app": {
                    "sensitive": false,
                    "type": "string",
                    "value": "100.68.1.50"
                },
                "private_ip_grafana": {
                    "sensitive": false,
                    "type": "string",
                    "value": "100.68.1.43"
                },
                "private_ip_kafka": {
                    "sensitive": false,
                    "type": "string",
                    "value": "100.68.1.13"
                },
                "private_ip_prometheus": {
                    "sensitive": false,
                    "type": "string",
                    "value": "100.68.1.31"
                },
                "private_ip_zookeeper": {
                    "sensitive": false,
                    "type": "string",
                    "value": "100.68.1.58"
                },
                "public_dns_app": {
                    "sensitive": false,
                    "type": "string",
                    "value": "ec2-18-228-117-106.sa-east-1.compute.amazonaws.com"
                },
                "public_dns_grafana": {
                    "sensitive": false,
                    "type": "string",
                    "value": "ec2-18-231-110-120.sa-east-1.compute.amazonaws.com"
                },
                "public_dns_kafka": {
                    "sensitive": false,
                    "type": "string",
                    "value": "ec2-18-231-46-251.sa-east-1.compute.amazonaws.com"
                },
                "public_dns_prometheus": {
                    "sensitive": false,
                    "type": "string",
                    "value": "ec2-18-231-184-186.sa-east-1.compute.amazonaws.com"
                },
                "public_dns_zookeeper": {
                    "sensitive": false,
                    "type": "string",
                    "value": "ec2-18-229-149-84.sa-east-1.compute.amazonaws.com"
                },
                "public_ip_app": {
                    "sensitive": false,
                    "type": "string",
                    "value": "18.228.117.106"
                },
                "public_ip_grafana": {
                    "sensitive": false,
                    "type": "string",
                    "value": "18.231.110.120"
                },
                "public_ip_kafka": {
                    "sensitive": false,
                    "type": "string",
                    "value": "18.231.46.251"
                },
                "public_ip_prometheus": {
                    "sensitive": false,
                    "type": "string",
                    "value": "18.231.184.186"
                },
                "public_ip_zookeeper": {
                    "sensitive": false,
                    "type": "string",
                    "value": "18.229.149.84"
                },
                "subnet_id_app": {
                    "sensitive": false,
                    "type": "string",
                    "value": "subnet-05b5573df57c3c0eb"
                },
                "subnet_id_grafana": {
                    "sensitive": false,
                    "type": "string",
                    "value": "subnet-05b5573df57c3c0eb"
                },
                "subnet_id_kafka": {
                    "sensitive": false,
                    "type": "string",
                    "value": "subnet-05b5573df57c3c0eb"
                },
                "subnet_id_prometheus": {
                    "sensitive": false,
                    "type": "string",
                    "value": "subnet-05b5573df57c3c0eb"
                },
                "subnet_id_zookeeper": {
                    "sensitive": false,
                    "type": "string",
                    "value": "subnet-05b5573df57c3c0eb"
                },
                "vpc_security_group_ids_app": {
                    "sensitive": false,
                    "type": "list",
                    "value": [
                        "sg-040e92a473c48418b"
                    ]
                },
                "vpc_security_group_ids_grafana": {
                    "sensitive": false,
                    "type": "list",
                    "value": [
                        "sg-040e92a473c48418b"
                    ]
                },
                "vpc_security_group_ids_kafka": {
                    "sensitive": false,
                    "type": "list",
                    "value": [
                        "sg-040e92a473c48418b"
                    ]
                },
                "vpc_security_group_ids_prometheus": {
                    "sensitive": false,
                    "type": "list",
                    "value": [
                        "sg-040e92a473c48418b"
                    ]
                },
                "vpc_security_group_ids_zookeeper": {
                    "sensitive": false,
                    "type": "list",
                    "value": [
                        "sg-040e92a473c48418b"
                    ]
                }
            },
            "resources": {
                "data.aws_ami.amazon_linux_2": {
                    "type": "aws_ami",
                    "depends_on": [],
                    "primary": {
                        "id": "ami-0b4b29cd52371486d",
                        "attributes": {
                            "architecture": "x86_64",
                            "block_device_mappings.#": "1",
                            "block_device_mappings.1270490221.device_name": "/dev/sda1",
                            "block_device_mappings.1270490221.ebs.%": "6",
                            "block_device_mappings.1270490221.ebs.delete_on_termination": "false",
                            "block_device_mappings.1270490221.ebs.encrypted": "false",
                            "block_device_mappings.1270490221.ebs.iops": "0",
                            "block_device_mappings.1270490221.ebs.snapshot_id": "snap-0a5bc48e82ad0f9e1",
                            "block_device_mappings.1270490221.ebs.volume_size": "8",
                            "block_device_mappings.1270490221.ebs.volume_type": "gp2",
                            "block_device_mappings.1270490221.no_device": "",
                            "block_device_mappings.1270490221.virtual_name": "",
                            "creation_date": "2018-09-28T12:50:27.000Z",
                            "filter.#": "1",
                            "filter.2049351671.name": "name",
                            "filter.2049351671.values.#": "1",
                            "filter.2049351671.values.0": "ami-centos-7-1.12.0-00-1538138520",
                            "hypervisor": "xen",
                            "id": "ami-0b4b29cd52371486d",
                            "image_id": "ami-0b4b29cd52371486d",
                            "image_location": "285398391915/ami-centos-7-1.12.0-00-1538138520",
                            "image_type": "machine",
                            "most_recent": "true",
                            "name": "ami-centos-7-1.12.0-00-1538138520",
                            "owner_id": "285398391915",
                            "owners.#": "1",
                            "owners.0": "285398391915",
                            "product_codes.#": "0",
                            "public": "true",
                            "root_device_name": "/dev/sda1",
                            "root_device_type": "ebs",
                            "root_snapshot_id": "snap-0a5bc48e82ad0f9e1",
                            "sriov_net_support": "simple",
                            "state": "available",
                            "state_reason.%": "2",
                            "state_reason.code": "UNSET",
                            "state_reason.message": "UNSET",
                            "tags.%": "0",
                            "virtualization_type": "hvm"
                        },
                        "meta": {},
                        "tainted": false
                    },
                    "deposed": [],
                    "provider": "provider.aws"
                },
                "data.aws_security_group.default": {
                    "type": "aws_security_group",
                    "depends_on": [
                        "data.aws_vpc.default"
                    ],
                    "primary": {
                        "id": "sg-040e92a473c48418b",
                        "attributes": {
                            "arn": "arn:aws:ec2:sa-east-1:631381728482:security-group/sg-040e92a473c48418b",
                            "description": "vpc-dev - Default Security Group",
                            "filter.#": "1",
                            "filter.2886806027.name": "group-name",
                            "filter.2886806027.values.#": "1",
                            "filter.2886806027.values.576506798": "vpc-dev-default-sg",
                            "id": "sg-040e92a473c48418b",
                            "name": "vpc-dev-default-sg",
                            "tags.%": "3",
                            "tags.Environment": "dev",
                            "tags.Name": "vpc-dev - Default Security Group",
                            "tags.Terraform": "true",
                            "vpc_id": "vpc-0496f9a49e4afc5f6"
                        },
                        "meta": {},
                        "tainted": false
                    },
                    "deposed": [],
                    "provider": "provider.aws"
                },
                "data.aws_subnet_ids.all": {
                    "type": "aws_subnet_ids",
                    "depends_on": [
                        "data.aws_vpc.default"
                    ],
                    "primary": {
                        "id": "vpc-0496f9a49e4afc5f6",
                        "attributes": {
                            "id": "vpc-0496f9a49e4afc5f6",
                            "ids.#": "1",
                            "ids.332161426": "subnet-05b5573df57c3c0eb",
                            "vpc_id": "vpc-0496f9a49e4afc5f6"
                        },
                        "meta": {},
                        "tainted": false
                    },
                    "deposed": [],
                    "provider": "provider.aws"
                },
                "data.aws_vpc.default": {
                    "type": "aws_vpc",
                    "depends_on": [],
                    "primary": {
                        "id": "vpc-0496f9a49e4afc5f6",
                        "attributes": {
                            "arn": "arn:aws:ec2:sa-east-1:631381728482:vpc/vpc-0496f9a49e4afc5f6",
                            "cidr_block": "100.68.1.0/24",
                            "cidr_block_associations.#": "1",
                            "cidr_block_associations.0.association_id": "vpc-cidr-assoc-041288f82654c6d07",
                            "cidr_block_associations.0.cidr_block": "100.68.1.0/24",
                            "cidr_block_associations.0.state": "associated",
                            "default": "false",
                            "dhcp_options_id": "dopt-09a0708ae604236f4",
                            "enable_dns_hostnames": "true",
                            "enable_dns_support": "true",
                            "id": "vpc-0496f9a49e4afc5f6",
                            "instance_tenancy": "default",
                            "main_route_table_id": "rtb-0a88ce6add9e31322",
                            "owner_id": "631381728482",
                            "state": "available",
                            "tags.%": "3",
                            "tags.Environment": "dev",
                            "tags.Name": "vpc-dev",
                            "tags.Terraform": "true"
                        },
                        "meta": {},
                        "tainted": false
                    },
                    "deposed": [],
                    "provider": "provider.aws"
                }
            },
            "depends_on": []
        },
        {
            "path": [
                "root",
                "app_ec2"
            ],
            "outputs": {
                "ami": {
                    "sensitive": false,
                    "type": "list",
                    "value": [
                        "ami-0b4b29cd52371486d",
                        "ami-0b4b29cd52371486d"
                    ]
                },
                "availability_zone": {
                    "sensitive": false,
                    "type": "list",
                    "value": [
                        "sa-east-1a",
                        "sa-east-1a"
                    ]
                },
                "credit_specification": {
                    "sensitive": false,
                    "type": "list",
                    "value": [
                        [
                            {
                                "cpu_credits": "standard"
                            }
                        ],
                        [
                            {
                                "cpu_credits": "standard"
                            }
                        ]
                    ]
                },
                "id": {
                    "sensitive": false,
                    "type": "list",
                    "value": [
                        "i-0b24971f6c6937bc2",
                        "i-03a9da3fe932496c1"
                    ]
                },
                "key_name": {
                    "sensitive": false,
                    "type": "list",
                    "value": [
                        "my-key",
                        "my-key"
                    ]
                },
                "primary_network_interface_id": {
                    "sensitive": false,
                    "type": "list",
                    "value": [
                        "eni-0d314ec0ca1ba2cc9",
                        "eni-099841158db43ea66"
                    ]
                },
                "private_dns": {
                    "sensitive": false,
                    "type": "list",
                    "value": [
                        "ip-100-68-1-50.sa-east-1.compute.internal",
                        "ip-100-68-1-39.sa-east-1.compute.internal"
                    ]
                },
                "private_ip": {
                    "sensitive": false,
                    "type": "list",
                    "value": [
                        "100.68.1.50",
                        "100.68.1.39"
                    ]
                },
                "public_dns": {
                    "sensitive": false,
                    "type": "list",
                    "value": [
                        "ec2-18-228-117-106.sa-east-1.compute.amazonaws.com",
                        "ec2-18-229-123-247.sa-east-1.compute.amazonaws.com"
                    ]
                },
                "public_ip": {
                    "sensitive": false,
                    "type": "list",
                    "value": [
                        "18.228.117.106",
                        "18.229.123.247"
                    ]
                },
                "ssm_enabled": {
                    "sensitive": false,
                    "type": "string",
                    "value": "1"
                },
                "subnet_id": {
                    "sensitive": false,
                    "type": "list",
                    "value": [
                        "subnet-05b5573df57c3c0eb",
                        "subnet-05b5573df57c3c0eb"
                    ]
                },
                "vpc_security_group_ids": {
                    "sensitive": false,
                    "type": "list",
                    "value": [
                        [
                            "sg-040e92a473c48418b"
                        ],
                        [
                            "sg-040e92a473c48418b"
                        ]
                    ]
                }
            },
            "resources": {
                "aws_instance.main.0": {
                    "type": "aws_instance",
                    "depends_on": [],
                    "primary": {
                        "id": "i-0b24971f6c6937bc2",
                        "attributes": {
                            "ami": "ami-0b4b29cd52371486d",
                            "arn": "arn:aws:ec2:sa-east-1:631381728482:instance/i-0b24971f6c6937bc2",
                            "associate_public_ip_address": "true",
                            "availability_zone": "sa-east-1a",
                            "cpu_core_count": "1",
                            "cpu_threads_per_core": "2",
                            "credit_specification.#": "1",
                            "credit_specification.0.cpu_credits": "standard",
                            "disable_api_termination": "false",
                            "ebs_block_device.#": "0",
                            "ebs_optimized": "false",
                            "ephemeral_block_device.#": "0",
                            "get_password_data": "false",
                            "iam_instance_profile": "",
                            "id": "i-0b24971f6c6937bc2",
                            "instance_state": "running",
                            "instance_type": "t3.micro",
                            "ipv6_address_count": "0",
                            "ipv6_addresses.#": "0",
                            "key_name": "my-key",
                            "monitoring": "false",
                            "network_interface.#": "0",
                            "password_data": "",
                            "placement_group": "",
                            "primary_network_interface_id": "eni-0d314ec0ca1ba2cc9",
                            "private_dns": "ip-100-68-1-50.sa-east-1.compute.internal",
                            "private_ip": "100.68.1.50",
                            "public_dns": "ec2-18-228-117-106.sa-east-1.compute.amazonaws.com",
                            "public_ip": "18.228.117.106",
                            "root_block_device.#": "1",
                            "root_block_device.0.delete_on_termination": "false",
                            "root_block_device.0.encrypted": "false",
                            "root_block_device.0.iops": "100",
                            "root_block_device.0.kms_key_id": "",
                            "root_block_device.0.volume_id": "vol-0d91b5cfd9891a9de",
                            "root_block_device.0.volume_size": "8",
                            "root_block_device.0.volume_type": "gp2",
                            "security_groups.#": "0",
                            "source_dest_check": "true",
                            "subnet_id": "subnet-05b5573df57c3c0eb",
                            "tags.%": "3",
                            "tags.Environment": "dev",
                            "tags.Name": "App-1",
                            "tags.Terraform": "true",
                            "tenancy": "default",
                            "volume_tags.%": "3",
                            "volume_tags.Environment": "dev",
                            "volume_tags.Name": "App-1",
                            "volume_tags.Terraform": "true",
                            "vpc_security_group_ids.#": "1",
                            "vpc_security_group_ids.2875877532": "sg-040e92a473c48418b"
                        },
                        "meta": {
                            "e2bfb730-ecaa-11e6-8f88-34363bc7c4c0": {
                                "create": 600000000000,
                                "delete": 1200000000000,
                                "update": 600000000000
                            },
                            "schema_version": "1"
                        },
                        "tainted": false
                    },
                    "deposed": [],
                    "provider": "provider.aws"
                },
                "aws_instance.main.1": {
                    "type": "aws_instance",
                    "depends_on": [],
                    "primary": {
                        "id": "i-03a9da3fe932496c1",
                        "attributes": {
                            "ami": "ami-0b4b29cd52371486d",
                            "arn": "arn:aws:ec2:sa-east-1:631381728482:instance/i-03a9da3fe932496c1",
                            "associate_public_ip_address": "true",
                            "availability_zone": "sa-east-1a",
                            "cpu_core_count": "1",
                            "cpu_threads_per_core": "2",
                            "credit_specification.#": "1",
                            "credit_specification.0.cpu_credits": "standard",
                            "disable_api_termination": "false",
                            "ebs_block_device.#": "0",
                            "ebs_optimized": "false",
                            "ephemeral_block_device.#": "0",
                            "get_password_data": "false",
                            "iam_instance_profile": "",
                            "id": "i-03a9da3fe932496c1",
                            "instance_state": "running",
                            "instance_type": "t3.micro",
                            "ipv6_address_count": "0",
                            "ipv6_addresses.#": "0",
                            "key_name": "my-key",
                            "monitoring": "false",
                            "network_interface.#": "0",
                            "password_data": "",
                            "placement_group": "",
                            "primary_network_interface_id": "eni-099841158db43ea66",
                            "private_dns": "ip-100-68-1-39.sa-east-1.compute.internal",
                            "private_ip": "100.68.1.39",
                            "public_dns": "ec2-18-229-123-247.sa-east-1.compute.amazonaws.com",
                            "public_ip": "18.229.123.247",
                            "root_block_device.#": "1",
                            "root_block_device.0.delete_on_termination": "false",
                            "root_block_device.0.encrypted": "false",
                            "root_block_device.0.iops": "100",
                            "root_block_device.0.kms_key_id": "",
                            "root_block_device.0.volume_id": "vol-0e6ce91686cf03842",
                            "root_block_device.0.volume_size": "8",
                            "root_block_device.0.volume_type": "gp2",
                            "security_groups.#": "0",
                            "source_dest_check": "true",
                            "subnet_id": "subnet-05b5573df57c3c0eb",
                            "tags.%": "3",
                            "tags.Environment": "dev",
                            "tags.Name": "App-2",
                            "tags.Terraform": "true",
                            "tenancy": "default",
                            "volume_tags.%": "3",
                            "volume_tags.Environment": "dev",
                            "volume_tags.Name": "App-2",
                            "volume_tags.Terraform": "true",
                            "vpc_security_group_ids.#": "1",
                            "vpc_security_group_ids.2875877532": "sg-040e92a473c48418b"
                        },
                        "meta": {
                            "e2bfb730-ecaa-11e6-8f88-34363bc7c4c0": {
                                "create": 600000000000,
                                "delete": 1200000000000,
                                "update": 600000000000
                            },
                            "schema_version": "1"
                        },
                        "tainted": false
                    },
                    "deposed": [],
                    "provider": "provider.aws"
                }
            },
            "depends_on": []
        },
        {
            "path": [
                "root",
                "grafana_ec2"
            ],
            "outputs": {
                "ami": {
                    "sensitive": false,
                    "type": "list",
                    "value": [
                        "ami-0b4b29cd52371486d"
                    ]
                },
                "availability_zone": {
                    "sensitive": false,
                    "type": "list",
                    "value": [
                        "sa-east-1a"
                    ]
                },
                "credit_specification": {
                    "sensitive": false,
                    "type": "list",
                    "value": [
                        [
                            {
                                "cpu_credits": "standard"
                            }
                        ]
                    ]
                },
                "id": {
                    "sensitive": false,
                    "type": "list",
                    "value": [
                        "i-04f9f4636b3a12dd2"
                    ]
                },
                "key_name": {
                    "sensitive": false,
                    "type": "list",
                    "value": [
                        "my-key"
                    ]
                },
                "primary_network_interface_id": {
                    "sensitive": false,
                    "type": "list",
                    "value": [
                        "eni-0b96623a6b8b39574"
                    ]
                },
                "private_dns": {
                    "sensitive": false,
                    "type": "list",
                    "value": [
                        "ip-100-68-1-43.sa-east-1.compute.internal"
                    ]
                },
                "private_ip": {
                    "sensitive": false,
                    "type": "list",
                    "value": [
                        "100.68.1.43"
                    ]
                },
                "public_dns": {
                    "sensitive": false,
                    "type": "list",
                    "value": [
                        "ec2-18-231-110-120.sa-east-1.compute.amazonaws.com"
                    ]
                },
                "public_ip": {
                    "sensitive": false,
                    "type": "list",
                    "value": [
                        "18.231.110.120"
                    ]
                },
                "ssm_enabled": {
                    "sensitive": false,
                    "type": "string",
                    "value": "1"
                },
                "subnet_id": {
                    "sensitive": false,
                    "type": "list",
                    "value": [
                        "subnet-05b5573df57c3c0eb"
                    ]
                },
                "vpc_security_group_ids": {
                    "sensitive": false,
                    "type": "list",
                    "value": [
                        [
                            "sg-040e92a473c48418b"
                        ]
                    ]
                }
            },
            "resources": {
                "aws_instance.main": {
                    "type": "aws_instance",
                    "depends_on": [],
                    "primary": {
                        "id": "i-04f9f4636b3a12dd2",
                        "attributes": {
                            "ami": "ami-0b4b29cd52371486d",
                            "arn": "arn:aws:ec2:sa-east-1:631381728482:instance/i-04f9f4636b3a12dd2",
                            "associate_public_ip_address": "true",
                            "availability_zone": "sa-east-1a",
                            "cpu_core_count": "1",
                            "cpu_threads_per_core": "2",
                            "credit_specification.#": "1",
                            "credit_specification.0.cpu_credits": "standard",
                            "disable_api_termination": "false",
                            "ebs_block_device.#": "0",
                            "ebs_optimized": "false",
                            "ephemeral_block_device.#": "0",
                            "get_password_data": "false",
                            "iam_instance_profile": "",
                            "id": "i-04f9f4636b3a12dd2",
                            "instance_state": "running",
                            "instance_type": "t3.micro",
                            "ipv6_address_count": "0",
                            "ipv6_addresses.#": "0",
                            "key_name": "my-key",
                            "monitoring": "false",
                            "network_interface.#": "0",
                            "password_data": "",
                            "placement_group": "",
                            "primary_network_interface_id": "eni-0b96623a6b8b39574",
                            "private_dns": "ip-100-68-1-43.sa-east-1.compute.internal",
                            "private_ip": "100.68.1.43",
                            "public_dns": "ec2-18-231-110-120.sa-east-1.compute.amazonaws.com",
                            "public_ip": "18.231.110.120",
                            "root_block_device.#": "1",
                            "root_block_device.0.delete_on_termination": "false",
                            "root_block_device.0.encrypted": "false",
                            "root_block_device.0.iops": "100",
                            "root_block_device.0.kms_key_id": "",
                            "root_block_device.0.volume_id": "vol-04646ee21453b9fa8",
                            "root_block_device.0.volume_size": "8",
                            "root_block_device.0.volume_type": "gp2",
                            "security_groups.#": "0",
                            "source_dest_check": "true",
                            "subnet_id": "subnet-05b5573df57c3c0eb",
                            "tags.%": "3",
                            "tags.Environment": "dev",
                            "tags.Name": "Grafana",
                            "tags.Terraform": "true",
                            "tenancy": "default",
                            "volume_tags.%": "3",
                            "volume_tags.Environment": "dev",
                            "volume_tags.Name": "Grafana",
                            "volume_tags.Terraform": "true",
                            "vpc_security_group_ids.#": "1",
                            "vpc_security_group_ids.2875877532": "sg-040e92a473c48418b"
                        },
                        "meta": {
                            "e2bfb730-ecaa-11e6-8f88-34363bc7c4c0": {
                                "create": 600000000000,
                                "delete": 1200000000000,
                                "update": 600000000000
                            },
                            "schema_version": "1"
                        },
                        "tainted": false
                    },
                    "deposed": [],
                    "provider": "provider.aws"
                }
            },
            "depends_on": []
        },
        {
            "path": [
                "root",
                "kafka_ec2"
            ],
            "outputs": {
                "ami": {
                    "sensitive": false,
                    "type": "list",
                    "value": [
                        "ami-0b4b29cd52371486d"
                    ]
                },
                "availability_zone": {
                    "sensitive": false,
                    "type": "list",
                    "value": [
                        "sa-east-1a"
                    ]
                },
                "credit_specification": {
                    "sensitive": false,
                    "type": "list",
                    "value": [
                        [
                            {
                                "cpu_credits": "standard"
                            }
                        ]
                    ]
                },
                "id": {
                    "sensitive": false,
                    "type": "list",
                    "value": [
                        "i-0d8147bff43d62a93"
                    ]
                },
                "key_name": {
                    "sensitive": false,
                    "type": "list",
                    "value": [
                        "my-key"
                    ]
                },
                "primary_network_interface_id": {
                    "sensitive": false,
                    "type": "list",
                    "value": [
                        "eni-0ec999c6a1b1e8f3a"
                    ]
                },
                "private_dns": {
                    "sensitive": false,
                    "type": "list",
                    "value": [
                        "ip-100-68-1-13.sa-east-1.compute.internal"
                    ]
                },
                "private_ip": {
                    "sensitive": false,
                    "type": "list",
                    "value": [
                        "100.68.1.13"
                    ]
                },
                "public_dns": {
                    "sensitive": false,
                    "type": "list",
                    "value": [
                        "ec2-18-231-46-251.sa-east-1.compute.amazonaws.com"
                    ]
                },
                "public_ip": {
                    "sensitive": false,
                    "type": "list",
                    "value": [
                        "18.231.46.251"
                    ]
                },
                "ssm_enabled": {
                    "sensitive": false,
                    "type": "string",
                    "value": "1"
                },
                "subnet_id": {
                    "sensitive": false,
                    "type": "list",
                    "value": [
                        "subnet-05b5573df57c3c0eb"
                    ]
                },
                "vpc_security_group_ids": {
                    "sensitive": false,
                    "type": "list",
                    "value": [
                        [
                            "sg-040e92a473c48418b"
                        ]
                    ]
                }
            },
            "resources": {
                "aws_instance.main": {
                    "type": "aws_instance",
                    "depends_on": [],
                    "primary": {
                        "id": "i-0d8147bff43d62a93",
                        "attributes": {
                            "ami": "ami-0b4b29cd52371486d",
                            "arn": "arn:aws:ec2:sa-east-1:631381728482:instance/i-0d8147bff43d62a93",
                            "associate_public_ip_address": "true",
                            "availability_zone": "sa-east-1a",
                            "cpu_core_count": "1",
                            "cpu_threads_per_core": "2",
                            "credit_specification.#": "1",
                            "credit_specification.0.cpu_credits": "standard",
                            "disable_api_termination": "false",
                            "ebs_block_device.#": "0",
                            "ebs_optimized": "false",
                            "ephemeral_block_device.#": "0",
                            "get_password_data": "false",
                            "iam_instance_profile": "",
                            "id": "i-0d8147bff43d62a93",
                            "instance_state": "running",
                            "instance_type": "t3.micro",
                            "ipv6_address_count": "0",
                            "ipv6_addresses.#": "0",
                            "key_name": "my-key",
                            "monitoring": "false",
                            "network_interface.#": "0",
                            "password_data": "",
                            "placement_group": "",
                            "primary_network_interface_id": "eni-0ec999c6a1b1e8f3a",
                            "private_dns": "ip-100-68-1-13.sa-east-1.compute.internal",
                            "private_ip": "100.68.1.13",
                            "public_dns": "ec2-18-231-46-251.sa-east-1.compute.amazonaws.com",
                            "public_ip": "18.231.46.251",
                            "root_block_device.#": "1",
                            "root_block_device.0.delete_on_termination": "false",
                            "root_block_device.0.encrypted": "false",
                            "root_block_device.0.iops": "100",
                            "root_block_device.0.kms_key_id": "",
                            "root_block_device.0.volume_id": "vol-06071e070f183b9f4",
                            "root_block_device.0.volume_size": "8",
                            "root_block_device.0.volume_type": "gp2",
                            "security_groups.#": "0",
                            "source_dest_check": "true",
                            "subnet_id": "subnet-05b5573df57c3c0eb",
                            "tags.%": "3",
                            "tags.Environment": "dev",
                            "tags.Name": "Kafka",
                            "tags.Terraform": "true",
                            "tenancy": "default",
                            "volume_tags.%": "3",
                            "volume_tags.Environment": "dev",
                            "volume_tags.Name": "Kafka",
                            "volume_tags.Terraform": "true",
                            "vpc_security_group_ids.#": "1",
                            "vpc_security_group_ids.2875877532": "sg-040e92a473c48418b"
                        },
                        "meta": {
                            "e2bfb730-ecaa-11e6-8f88-34363bc7c4c0": {
                                "create": 600000000000,
                                "delete": 1200000000000,
                                "update": 600000000000
                            },
                            "schema_version": "1"
                        },
                        "tainted": false
                    },
                    "deposed": [],
                    "provider": "provider.aws"
                }
            },
            "depends_on": []
        },
        {
            "path": [
                "root",
                "prometheus_ec2"
            ],
            "outputs": {
                "ami": {
                    "sensitive": false,
                    "type": "list",
                    "value": [
                        "ami-0b4b29cd52371486d"
                    ]
                },
                "availability_zone": {
                    "sensitive": false,
                    "type": "list",
                    "value": [
                        "sa-east-1a"
                    ]
                },
                "credit_specification": {
                    "sensitive": false,
                    "type": "list",
                    "value": [
                        [
                            {
                                "cpu_credits": "standard"
                            }
                        ]
                    ]
                },
                "id": {
                    "sensitive": false,
                    "type": "list",
                    "value": [
                        "i-02ca0eb00e39996a6"
                    ]
                },
                "key_name": {
                    "sensitive": false,
                    "type": "list",
                    "value": [
                        "my-key"
                    ]
                },
                "primary_network_interface_id": {
                    "sensitive": false,
                    "type": "list",
                    "value": [
                        "eni-098fcafe7748a0d91"
                    ]
                },
                "private_dns": {
                    "sensitive": false,
                    "type": "list",
                    "value": [
                        "ip-100-68-1-31.sa-east-1.compute.internal"
                    ]
                },
                "private_ip": {
                    "sensitive": false,
                    "type": "list",
                    "value": [
                        "100.68.1.31"
                    ]
                },
                "public_dns": {
                    "sensitive": false,
                    "type": "list",
                    "value": [
                        "ec2-18-231-184-186.sa-east-1.compute.amazonaws.com"
                    ]
                },
                "public_ip": {
                    "sensitive": false,
                    "type": "list",
                    "value": [
                        "18.231.184.186"
                    ]
                },
                "ssm_enabled": {
                    "sensitive": false,
                    "type": "string",
                    "value": "1"
                },
                "subnet_id": {
                    "sensitive": false,
                    "type": "list",
                    "value": [
                        "subnet-05b5573df57c3c0eb"
                    ]
                },
                "vpc_security_group_ids": {
                    "sensitive": false,
                    "type": "list",
                    "value": [
                        [
                            "sg-040e92a473c48418b"
                        ]
                    ]
                }
            },
            "resources": {
                "aws_instance.main": {
                    "type": "aws_instance",
                    "depends_on": [],
                    "primary": {
                        "id": "i-02ca0eb00e39996a6",
                        "attributes": {
                            "ami": "ami-0b4b29cd52371486d",
                            "arn": "arn:aws:ec2:sa-east-1:631381728482:instance/i-02ca0eb00e39996a6",
                            "associate_public_ip_address": "true",
                            "availability_zone": "sa-east-1a",
                            "cpu_core_count": "1",
                            "cpu_threads_per_core": "2",
                            "credit_specification.#": "1",
                            "credit_specification.0.cpu_credits": "standard",
                            "disable_api_termination": "false",
                            "ebs_block_device.#": "0",
                            "ebs_optimized": "false",
                            "ephemeral_block_device.#": "0",
                            "get_password_data": "false",
                            "iam_instance_profile": "",
                            "id": "i-02ca0eb00e39996a6",
                            "instance_state": "running",
                            "instance_type": "t3.micro",
                            "ipv6_address_count": "0",
                            "ipv6_addresses.#": "0",
                            "key_name": "my-key",
                            "monitoring": "false",
                            "network_interface.#": "0",
                            "password_data": "",
                            "placement_group": "",
                            "primary_network_interface_id": "eni-098fcafe7748a0d91",
                            "private_dns": "ip-100-68-1-31.sa-east-1.compute.internal",
                            "private_ip": "100.68.1.31",
                            "public_dns": "ec2-18-231-184-186.sa-east-1.compute.amazonaws.com",
                            "public_ip": "18.231.184.186",
                            "root_block_device.#": "1",
                            "root_block_device.0.delete_on_termination": "false",
                            "root_block_device.0.encrypted": "false",
                            "root_block_device.0.iops": "100",
                            "root_block_device.0.kms_key_id": "",
                            "root_block_device.0.volume_id": "vol-07683b4356870f319",
                            "root_block_device.0.volume_size": "8",
                            "root_block_device.0.volume_type": "gp2",
                            "security_groups.#": "0",
                            "source_dest_check": "true",
                            "subnet_id": "subnet-05b5573df57c3c0eb",
                            "tags.%": "3",
                            "tags.Environment": "dev",
                            "tags.Name": "Prometheus",
                            "tags.Terraform": "true",
                            "tenancy": "default",
                            "volume_tags.%": "3",
                            "volume_tags.Environment": "dev",
                            "volume_tags.Name": "Prometheus",
                            "volume_tags.Terraform": "true",
                            "vpc_security_group_ids.#": "1",
                            "vpc_security_group_ids.2875877532": "sg-040e92a473c48418b"
                        },
                        "meta": {
                            "e2bfb730-ecaa-11e6-8f88-34363bc7c4c0": {
                                "create": 600000000000,
                                "delete": 1200000000000,
                                "update": 600000000000
                            },
                            "schema_version": "1"
                        },
                        "tainted": false
                    },
                    "deposed": [],
                    "provider": "provider.aws"
                }
            },
            "depends_on": []
        },
        {
            "path": [
                "root",
                "zookeeper_ec2"
            ],
            "outputs": {
                "ami": {
                    "sensitive": false,
                    "type": "list",
                    "value": [
                        "ami-0b4b29cd52371486d"
                    ]
                },
                "availability_zone": {
                    "sensitive": false,
                    "type": "list",
                    "value": [
                        "sa-east-1a"
                    ]
                },
                "credit_specification": {
                    "sensitive": false,
                    "type": "list",
                    "value": [
                        [
                            {
                                "cpu_credits": "standard"
                            }
                        ]
                    ]
                },
                "id": {
                    "sensitive": false,
                    "type": "list",
                    "value": [
                        "i-0ae1a709664d65ce9"
                    ]
                },
                "key_name": {
                    "sensitive": false,
                    "type": "list",
                    "value": [
                        "my-key"
                    ]
                },
                "primary_network_interface_id": {
                    "sensitive": false,
                    "type": "list",
                    "value": [
                        "eni-0ffa78e4680586eaf"
                    ]
                },
                "private_dns": {
                    "sensitive": false,
                    "type": "list",
                    "value": [
                        "ip-100-68-1-58.sa-east-1.compute.internal"
                    ]
                },
                "private_ip": {
                    "sensitive": false,
                    "type": "list",
                    "value": [
                        "100.68.1.58"
                    ]
                },
                "public_dns": {
                    "sensitive": false,
                    "type": "list",
                    "value": [
                        "ec2-18-229-149-84.sa-east-1.compute.amazonaws.com"
                    ]
                },
                "public_ip": {
                    "sensitive": false,
                    "type": "list",
                    "value": [
                        "18.229.149.84"
                    ]
                },
                "ssm_enabled": {
                    "sensitive": false,
                    "type": "string",
                    "value": "1"
                },
                "subnet_id": {
                    "sensitive": false,
                    "type": "list",
                    "value": [
                        "subnet-05b5573df57c3c0eb"
                    ]
                },
                "vpc_security_group_ids": {
                    "sensitive": false,
                    "type": "list",
                    "value": [
                        [
                            "sg-040e92a473c48418b"
                        ]
                    ]
                }
            },
            "resources": {
                "aws_instance.main": {
                    "type": "aws_instance",
                    "depends_on": [],
                    "primary": {
                        "id": "i-0ae1a709664d65ce9",
                        "attributes": {
                            "ami": "ami-0b4b29cd52371486d",
                            "arn": "arn:aws:ec2:sa-east-1:631381728482:instance/i-0ae1a709664d65ce9",
                            "associate_public_ip_address": "true",
                            "availability_zone": "sa-east-1a",
                            "cpu_core_count": "1",
                            "cpu_threads_per_core": "2",
                            "credit_specification.#": "1",
                            "credit_specification.0.cpu_credits": "standard",
                            "disable_api_termination": "false",
                            "ebs_block_device.#": "0",
                            "ebs_optimized": "false",
                            "ephemeral_block_device.#": "0",
                            "get_password_data": "false",
                            "iam_instance_profile": "",
                            "id": "i-0ae1a709664d65ce9",
                            "instance_state": "running",
                            "instance_type": "t3.micro",
                            "ipv6_address_count": "0",
                            "ipv6_addresses.#": "0",
                            "key_name": "my-key",
                            "monitoring": "false",
                            "network_interface.#": "0",
                            "password_data": "",
                            "placement_group": "",
                            "primary_network_interface_id": "eni-0ffa78e4680586eaf",
                            "private_dns": "ip-100-68-1-58.sa-east-1.compute.internal",
                            "private_ip": "100.68.1.58",
                            "public_dns": "ec2-18-229-149-84.sa-east-1.compute.amazonaws.com",
                            "public_ip": "18.229.149.84",
                            "root_block_device.#": "1",
                            "root_block_device.0.delete_on_termination": "false",
                            "root_block_device.0.encrypted": "false",
                            "root_block_device.0.iops": "100",
                            "root_block_device.0.kms_key_id": "",
                            "root_block_device.0.volume_id": "vol-0f7f470368fad3178",
                            "root_block_device.0.volume_size": "8",
                            "root_block_device.0.volume_type": "gp2",
                            "security_groups.#": "0",
                            "source_dest_check": "true",
                            "subnet_id": "subnet-05b5573df57c3c0eb",
                            "tags.%": "3",
                            "tags.Environment": "dev",
                            "tags.Name": "Zookeeper",
                            "tags.Terraform": "true",
                            "tenancy": "default",
                            "volume_tags.%": "3",
                            "volume_tags.Environment": "dev",
                            "volume_tags.Name": "Zookeeper",
                            "volume_tags.Terraform": "true",
                            "vpc_security_group_ids.#": "1",
                            "vpc_security_group_ids.2875877532": "sg-040e92a473c48418b"
                        },
                        "meta": {
                            "e2bfb730-ecaa-11e6-8f88-34363bc7c4c0": {
                                "create": 600000000000,
                                "delete": 1200000000000,
                                "update": 600000000000
                            },
                            "schema_version": "1"
                        },
                        "tainted": false
                    },
                    "deposed": [],
                    "provider": "provider.aws"
                }
            },
            "depends_on": []
        }
    ]
}
